
Microsoft Visual Studio Solution File, Format Version 12.00
# Visual Studio 15
VisualStudioVersion = 15.0.27703.2047
MinimumVisualStudioVersion = 10.0.40219.1
Project("{FAE04EC0-301F-11D3-BF4B-00C04F79EFBC}") = "ConsignmentShopUI", "ConsignmentShopUI\ConsignmentShopUI.csproj", "{365BCAE4-0228-4A3D-9976-A996DFA9E6F5}"
EndProject
Project("{FAE04EC0-301F-11D3-BF4B-00C04F79EFBC}") = "ConsignmentShopLibrary", "ConsignmentShopLibrary1\ConsignmentShopLibrary.csproj", "{AA4F9FC0-8A8C-403F-9FC7-DEE0B54A8ED2}"
EndProject
Global
	GlobalSection(SolutionConfigurationPlatforms) = preSolution
		Debug|Any CPU = Debug|Any CPU
		Release|Any CPU = Release|Any CPU
	EndGlobalSection
	GlobalSection(ProjectConfigurationPlatforms) = postSolution
		{365BCAE4-0228-4A3D-9976-A996DFA9E6F5}.Debug|Any CPU.ActiveCfg = Debug|Any CPU
		{365BCAE4-0228-4A3D-9976-A996DFA9E6F5}.Debug|Any CPU.Build.0 = Debug|Any CPU
		{365BCAE4-0228-4A3D-9976-A996DFA9E6F5}.Release|Any CPU.ActiveCfg = Release|Any CPU
		{365BCAE4-0228-4A3D-9976-A996DFA9E6F5}.Release|Any CPU.Build.0 = Release|Any CPU
		{AA4F9FC0-8A8C-403F-9FC7-DEE0B54A8ED2}.Debug|Any CPU.ActiveCfg = Debug|Any CPU
		{AA4F9FC0-8A8C-403F-9FC7-DEE0B54A8ED2}.Debug|Any CPU.Build.0 = Debug|Any CPU
		{AA4F9FC0-8A8C-403F-9FC7-DEE0B54A8ED2}.Release|Any CPU.ActiveCfg = Release|Any CPU
		{AA4F9FC0-8A8C-403F-9FC7-DEE0B54A8ED2}.Release|Any CPU.Build.0 = Release|Any CPU
	EndGlobalSection
	GlobalSection(SolutionProperties) = preSolution
		HideSolutionNode = FALSE
	EndGlobalSection
	GlobalSection(ExtensibilityGlobals) = postSolution
		SolutionGuid = {BD509C99-B909-4F0B-8055-DF09DADA2F36}
	EndGlobalSection
EndGlobal
